
Microsoft Visual Studio Solution File, Format Version 12.00
# Visual Studio Version 16
VisualStudioVersion = 16.0.30907.101
MinimumVisualStudioVersion = 10.0.40219.1
Project("{FAE04EC0-301F-11D3-BF4B-00C04F79EFBC}") = "AccountCreator", "AccountCreator\AccountCreator.csproj", "{694AC1FD-0ECC-469F-8D61-C644721EF55D}"
EndProject
Global
	GlobalSection(SolutionConfigurationPlatforms) = preSolution
		Debug|Any CPU = Debug|Any CPU
		Release|Any CPU = Release|Any CPU
	EndGlobalSection
	GlobalSection(ProjectConfigurationPlatforms) = postSolution
		{694AC1FD-0ECC-469F-8D61-C644721EF55D}.Debug|Any CPU.ActiveCfg = Debug|Any CPU
		{694AC1FD-0ECC-469F-8D61-C644721EF55D}.Debug|Any CPU.Build.0 = Debug|Any CPU
		{694AC1FD-0ECC-469F-8D61-C644721EF55D}.Release|Any CPU.ActiveCfg = Release|Any CPU
		{694AC1FD-0ECC-469F-8D61-C644721EF55D}.Release|Any CPU.Build.0 = Release|Any CPU
	EndGlobalSection
	GlobalSection(SolutionProperties) = preSolution
		HideSolutionNode = FALSE
	EndGlobalSection
	GlobalSection(ExtensibilityGlobals) = postSolution
		SolutionGuid = {1B912508-BDCF-4E99-969F-9932DD14A866}
	EndGlobalSection
EndGlobal
